PODS:
  - CocoaLumberjack (1.8.1):
    - CocoaLumberjack/Extensions
  - CocoaLumberjack/Core (1.8.1)
  - CocoaLumberjack/Extensions (1.8.1):
    - CocoaLumberjack/Core
  - Facebook-iOS-SDK (3.13.1)
  - FontAwesomeKit (1.1.3)
  - Google-Mobile-Ads-SDK (6.8.0)
  - GoogleAnalytics-iOS-SDK (3.0.6)
  - Helpshift (4.2.0)
  - HYUtils (0.0.4):
    - CocoaLumberjack
  - KIF (2.0.0)
  - Mixpanel (2.3.2)
  - Parse (1.2.18):
    - Facebook-iOS-SDK (~> 3.11)
  - SDWebImage (3.5.2):
    - SDWebImage/Core
  - SDWebImage/Core (3.5.2)
  - SVProgressHUD (1.0)

DEPENDENCIES:
  - FontAwesomeKit (= 1.1.3)
  - Google-Mobile-Ads-SDK
  - GoogleAnalytics-iOS-SDK
  - Helpshift (= 4.2.0)
  - HYUtils (from `https://github.com/hrk-ys/HYUtils.git`, commit `806679b2773695602825a57ff1d7b8edb4e63bdb`)
  - KIF (~> 2.0)
  - Mixpanel (= 2.3.2)
  - Parse (= 1.2.18)
  - SDWebImage (= 3.5.2)
  - SVProgressHUD (= 1.0)

EXTERNAL SOURCES:
  HYUtils:
    :commit: 806679b2773695602825a57ff1d7b8edb4e63bdb
    :git: https://github.com/hrk-ys/HYUtils.git

SPEC CHECKSUMS:
  CocoaLumberjack: 020378ec400d658923bf5887178394f65f052c90
  Facebook-iOS-SDK: 0d121e16437981fabff9379e07bf646bd5ab245c
  FontAwesomeKit: 4c839de6549fabe8dd50db00fc7e3dd177ac98a9
  Google-Mobile-Ads-SDK: a2f44db8addf12d04a864faac9b4ee05bc1cbeef
  GoogleAnalytics-iOS-SDK: 16dfcc0c4491148bf372edc85a8470cc405ffb72
  Helpshift: 985dd5a44c5753a10b97832ca51314cb0ba08db4
  HYUtils: 474bd5119cdc256db7c1869163b336255e39fdc9
  KIF: c01fb8fb593cf8ffeeb69ed8d402ce88143e0697
  Mixpanel: ddd79df92245a14d2b3064544d1e9ff037d8ac3a
  Parse: 6dd57f2af9f89dc6facc755cec4e96f8b739b1fb
  SDWebImage: fe7ce01ae4e0a884d168f59c9dd82d35baf8429e
  SVProgressHUD: 5e10939a296debf5fe5a5895eda9539b8b2114f1

COCOAPODS: 0.29.0
