PODS:
  - Bolts/Tasks (1.1.5)
  - CocoaLumberjack (1.8.1):
    - CocoaLumberjack/Extensions (= 1.8.1)
  - CocoaLumberjack/Core (1.8.1)
  - CocoaLumberjack/Extensions (1.8.1):
    - CocoaLumberjack/Core
  - FontAwesomeKit (1.1.3)
  - Google-Mobile-Ads-SDK (6.8.0)
  - GoogleAnalytics-iOS-SDK (3.0.6)
  - Helpshift (4.2.0)
  - HYUtils (0.0.4):
    - CocoaLumberjack
  - Mixpanel (2.3.2)
  - Parse (1.7.3):
    - Bolts/Tasks (>= 1.1.5)
  - ParseUI (1.1.3):
    - Parse (~> 1.7)
  - SDWebImage (3.7.2):
    - SDWebImage/Core (= 3.7.2)
  - SDWebImage/Core (3.7.2)
  - SVProgressHUD (1.0)

DEPENDENCIES:
  - FontAwesomeKit (= 1.1.3)
  - Google-Mobile-Ads-SDK
  - GoogleAnalytics-iOS-SDK
  - Helpshift (= 4.2.0)
  - HYUtils (from `https://github.com/hrk-ys/HYUtils.git`, commit `806679b2773695602825a57ff1d7b8edb4e63bdb`)
  - Mixpanel (= 2.3.2)
  - Parse (= 1.7.3)
  - ParseUI (= 1.1.3)
  - SDWebImage (~> 3.7)
  - SVProgressHUD (= 1.0)

EXTERNAL SOURCES:
  HYUtils:
    :commit: 806679b2773695602825a57ff1d7b8edb4e63bdb
    :git: https://github.com/hrk-ys/HYUtils.git

SPEC CHECKSUMS:
  Bolts: aac24961496d504aa56fc267cde95162a71bac39
  CocoaLumberjack: 555162681b9c20a271909b235c43f6bbd5d512e1
  FontAwesomeKit: 06d176759f6911ad182eff5433510dfcef9d379d
  Google-Mobile-Ads-SDK: 4b10790f8c38f5627605f145b4c3657f3c5349f5
  GoogleAnalytics-iOS-SDK: c0e1b70cd54e0061c3edf27ddf91948895de73cd
  Helpshift: c1a5c4bcb3ef3fafe4696623ac8b9e404c31b8ad
  HYUtils: f569b0fde72eff3346e5275596d5da2782673f28
  Mixpanel: 1930abf910b28b00df8043aeef62f9bd34006af8
  Parse: 0992f9d23cf47c32d646467d8badb814926c800a
  ParseUI: 1a68e9cebc3bd458eed9605ce7b33d7cc082f473
  SDWebImage: 71b7cdc1d1721d6a82ed62889030225f2c249e29
  SVProgressHUD: 46088807596a795cbcb4affd92cf3f13b6ab3dda

COCOAPODS: 0.36.3
