// !$*UTF8*$!
{
	archiveVersion = 1;
	classes = {
	};
	objectVersion = 46;
	objects = {

/* Begin PBXBuildFile section */
		0086357FE7384BDE9C2BFDF3 /* libPods-DeskSlide Tests.a in Frameworks */ = {isa = PBXBuildFile; fileRef = ACD6C658E78D4BB58CD3EE37 /* libPods-DeskSlide Tests.a */; };
		428906B4306148B29122289D /* libPods.a in Frameworks */ = {isa = PBXBuildFile; fileRef = FB2BE02A234641CD9A2FB596 /* libPods.a */; };
		E922FA7417F02353008C7968 /* UIKit.framework in Frameworks */ = {isa = PBXBuildFile; fileRef = E922FA7317F02353008C7968 /* UIKit.framework */; };
		E922FA7617F02353008C7968 /* Foundation.framework in Frameworks */ = {isa = PBXBuildFile; fileRef = E922FA7517F02353008C7968 /* Foundation.framework */; };
		E922FA7817F02353008C7968 /* CoreGraphics.framework in Frameworks */ = {isa = PBXBuildFile; fileRef = E922FA7717F02353008C7968 /* CoreGraphics.framework */; };
		E922FA7E17F02353008C7968 /* InfoPlist.strings in Resources */ = {isa = PBXBuildFile; fileRef = E922FA7C17F02353008C7968 /* InfoPlist.strings */; };
		E922FA8017F02353008C7968 /* main.m in Sources */ = {isa = PBXBuildFile; fileRef = E922FA7F17F02353008C7968 /* main.m */; };
		E922FA8417F02353008C7968 /* DSAppDelegate.m in Sources */ = {isa = PBXBuildFile; fileRef = E922FA8317F02353008C7968 /* DSAppDelegate.m */; };
		E922FA8617F02353008C7968 /* Default.png in Resources */ = {isa = PBXBuildFile; fileRef = E922FA8517F02353008C7968 /* Default.png */; };
		E922FA8817F02353008C7968 /* Default@2x.png in Resources */ = {isa = PBXBuildFile; fileRef = E922FA8717F02353008C7968 /* Default@2x.png */; };
		E922FA8A17F02353008C7968 /* Default-568h@2x.png in Resources */ = {isa = PBXBuildFile; fileRef = E922FA8917F02353008C7968 /* Default-568h@2x.png */; };
		E922FA8D17F02353008C7968 /* MainStoryboard.storyboard in Resources */ = {isa = PBXBuildFile; fileRef = E922FA8B17F02353008C7968 /* MainStoryboard.storyboard */; };
		E922FA9017F02353008C7968 /* DSViewController.m in Sources */ = {isa = PBXBuildFile; fileRef = E922FA8F17F02353008C7968 /* DSViewController.m */; };
		E922FAC917F04885008C7968 /* DSLoginViewController.m in Sources */ = {isa = PBXBuildFile; fileRef = E922FAC817F04885008C7968 /* DSLoginViewController.m */; };
		E9590AF11807054100594FFB /* XCTest.framework in Frameworks */ = {isa = PBXBuildFile; fileRef = E9590AF01807054100594FFB /* XCTest.framework */; };
		E9590AF21807054100594FFB /* Foundation.framework in Frameworks */ = {isa = PBXBuildFile; fileRef = E922FA7517F02353008C7968 /* Foundation.framework */; };
		E9590AF31807054100594FFB /* UIKit.framework in Frameworks */ = {isa = PBXBuildFile; fileRef = E922FA7317F02353008C7968 /* UIKit.framework */; };
		E9590AF91807054100594FFB /* InfoPlist.strings in Resources */ = {isa = PBXBuildFile; fileRef = E9590AF71807054100594FFB /* InfoPlist.strings */; };
		E9590B0418070BDE00594FFB /* LoginTestCase.m in Sources */ = {isa = PBXBuildFile; fileRef = E9590B0318070BDE00594FFB /* LoginTestCase.m */; };
		E9590B0718070C2300594FFB /* KIFUITestActor+EXAdditions.m in Sources */ = {isa = PBXBuildFile; fileRef = E9590B0618070C2300594FFB /* KIFUITestActor+EXAdditions.m */; };
		E97B2EDC18B7AA9300795D07 /* Settings.bundle in Resources */ = {isa = PBXBuildFile; fileRef = E97B2EDB18B7AA9300795D07 /* Settings.bundle */; };
		E97B2EE118B7B92200795D07 /* Icon-Small-50.png in Resources */ = {isa = PBXBuildFile; fileRef = E97B2EDD18B7B92200795D07 /* Icon-Small-50.png */; };
		E97B2EE218B7B92300795D07 /* Icon-Small-50@2x.png in Resources */ = {isa = PBXBuildFile; fileRef = E97B2EDE18B7B92200795D07 /* Icon-Small-50@2x.png */; };
		E97B2EE318B7B92300795D07 /* Icon-Small.png in Resources */ = {isa = PBXBuildFile; fileRef = E97B2EDF18B7B92200795D07 /* Icon-Small.png */; };
		E97B2EE418B7B92300795D07 /* Icon-Small@2x.png in Resources */ = {isa = PBXBuildFile; fileRef = E97B2EE018B7B92200795D07 /* Icon-Small@2x.png */; };
		E99B83161810474000E7C4CB /* DSAuthViewController.m in Sources */ = {isa = PBXBuildFile; fileRef = E99B83141810474000E7C4CB /* DSAuthViewController.m */; };
		E99B83171810474000E7C4CB /* DSAuthViewController.xib in Resources */ = {isa = PBXBuildFile; fileRef = E99B83151810474000E7C4CB /* DSAuthViewController.xib */; };
		E99B831918104ADE00E7C4CB /* welcom_bg@2x.png in Resources */ = {isa = PBXBuildFile; fileRef = E99B831818104ADE00E7C4CB /* welcom_bg@2x.png */; };
		E99B831D1810663F00E7C4CB /* CFNetwork.framework in Frameworks */ = {isa = PBXBuildFile; fileRef = E99B831C1810663F00E7C4CB /* CFNetwork.framework */; };
		E99B831F1810665000E7C4CB /* QuartzCore.framework in Frameworks */ = {isa = PBXBuildFile; fileRef = E99B831E1810665000E7C4CB /* QuartzCore.framework */; };
		E9AD6A1E17FFD269005A7D01 /* bg_w@2x.png in Resources */ = {isa = PBXBuildFile; fileRef = E9AD6A1D17FFD269005A7D01 /* bg_w@2x.png */; };
		E9B0E78C17F074CC00544C88 /* bg@2x.png in Resources */ = {isa = PBXBuildFile; fileRef = E9B0E78B17F074CC00544C88 /* bg@2x.png */; };
		E9B0E78F17F07B0800544C88 /* DSSettingViewController.m in Sources */ = {isa = PBXBuildFile; fileRef = E9B0E78E17F07B0800544C88 /* DSSettingViewController.m */; };
		E9B0E79317F07DB800544C88 /* DSToolView.m in Sources */ = {isa = PBXBuildFile; fileRef = E9B0E79217F07DB800544C88 /* DSToolView.m */; };
		E9B0E79617F0A3CC00544C88 /* DSConstants.m in Sources */ = {isa = PBXBuildFile; fileRef = E9B0E79517F0A3CC00544C88 /* DSConstants.m */; };
		E9B0E79917F0A92800544C88 /* DSDocumentCell.m in Sources */ = {isa = PBXBuildFile; fileRef = E9B0E79817F0A92800544C88 /* DSDocumentCell.m */; };
		E9B0E7A517F8850800544C88 /* DSPreviewViewController.m in Sources */ = {isa = PBXBuildFile; fileRef = E9B0E7A417F8850800544C88 /* DSPreviewViewController.m */; };
		E9B0E7A817F8F76600544C88 /* DSUtils.m in Sources */ = {isa = PBXBuildFile; fileRef = E9B0E7A717F8F76600544C88 /* DSUtils.m */; };
		E9B0E7B217F8FA1100544C88 /* libGoogleAnalyticsServices.a in Frameworks */ = {isa = PBXBuildFile; fileRef = E9B0E7B117F8FA1100544C88 /* libGoogleAnalyticsServices.a */; };
		E9B0E7B417F8FA4600544C88 /* CoreData.framework in Frameworks */ = {isa = PBXBuildFile; fileRef = E9B0E7B317F8FA4600544C88 /* CoreData.framework */; };
		E9B0E7B617F8FA5500544C88 /* SystemConfiguration.framework in Frameworks */ = {isa = PBXBuildFile; fileRef = E9B0E7B517F8FA5500544C88 /* SystemConfiguration.framework */; };
		E9B0E7B817F8FA5E00544C88 /* libz.dylib in Frameworks */ = {isa = PBXBuildFile; fileRef = E9B0E7B717F8FA5E00544C88 /* libz.dylib */; };
		E9B0E7BB17F8FFD300544C88 /* Crashlytics.framework in Frameworks */ = {isa = PBXBuildFile; fileRef = E9B0E7BA17F8FFD300544C88 /* Crashlytics.framework */; };
		E9B0E7CA17F9CAF400544C88 /* Icon-60.png in Resources */ = {isa = PBXBuildFile; fileRef = E9B0E7C617F9CAF400544C88 /* Icon-60.png */; };
		E9B0E7CB17F9CAF400544C88 /* Icon-60@2x.png in Resources */ = {isa = PBXBuildFile; fileRef = E9B0E7C717F9CAF400544C88 /* Icon-60@2x.png */; };
		E9B0E7CC17F9CAF400544C88 /* Icon.png in Resources */ = {isa = PBXBuildFile; fileRef = E9B0E7C817F9CAF400544C88 /* Icon.png */; };
		E9B0E7CD17F9CAF400544C88 /* Icon@2x.png in Resources */ = {isa = PBXBuildFile; fileRef = E9B0E7C917F9CAF400544C88 /* Icon@2x.png */; };
		E9B0E7CF17FBA65400544C88 /* iAd.framework in Frameworks */ = {isa = PBXBuildFile; fileRef = E9B0E7CE17FBA65400544C88 /* iAd.framework */; };
		E9B0E7DB17FC71C500544C88 /* libGoogleAdMobAds.a in Frameworks */ = {isa = PBXBuildFile; fileRef = E9B0E7DA17FC71C500544C88 /* libGoogleAdMobAds.a */; };
		E9B0E7DD17FC77D600544C88 /* MessageUI.framework in Frameworks */ = {isa = PBXBuildFile; fileRef = E9B0E7DC17FC77D600544C88 /* MessageUI.framework */; };
		E9B0E7DF17FC77DF00544C88 /* AudioToolbox.framework in Frameworks */ = {isa = PBXBuildFile; fileRef = E9B0E7DE17FC77DF00544C88 /* AudioToolbox.framework */; };
		E9C7804A18B8FC2600C4E79C /* HelpshiftLocalizable.strings in Resources */ = {isa = PBXBuildFile; fileRef = E9C7803E18B8FC2600C4E79C /* HelpshiftLocalizable.strings */; };
		E9C7805218B9144D00C4E79C /* HelpshiftConfig.plist in Resources */ = {isa = PBXBuildFile; fileRef = E9C7805018B9144D00C4E79C /* HelpshiftConfig.plist */; };
		E9DFBBC1181193F100153FA6 /* DSSignUpViewController.m in Sources */ = {isa = PBXBuildFile; fileRef = E9DFBBC0181193F100153FA6 /* DSSignUpViewController.m */; };
/* End PBXBuildFile section */

/* Begin PBXContainerItemProxy section */
		E9590AFD1807054100594FFB /* PBXContainerItemProxy */ = {
			isa = PBXContainerItemProxy;
			containerPortal = E922FA6817F02353008C7968 /* Project object */;
			proxyType = 1;
			remoteGlobalIDString = E922FA6F17F02353008C7968;
			remoteInfo = DeskSlide;
		};
/* End PBXContainerItemProxy section */

/* Begin PBXFileReference section */
		3EC8C144E41146E0B0C6ED14 /* Pods-DeskSlide Tests.xcconfig */ = {isa = PBXFileReference; includeInIndex = 1; lastKnownFileType = text.xcconfig; name = "Pods-DeskSlide Tests.xcconfig"; path = "Pods/Pods-DeskSlide Tests.xcconfig"; sourceTree = "<group>"; };
		ACD6C658E78D4BB58CD3EE37 /* libPods-DeskSlide Tests.a */ = {isa = PBXFileReference; explicitFileType = archive.ar; includeInIndex = 0; path = "libPods-DeskSlide Tests.a"; sourceTree = BUILT_PRODUCTS_DIR; };
		E922FA7017F02353008C7968 /* DeskSlide.app */ = {isa = PBXFileReference; explicitFileType = wrapper.application; includeInIndex = 0; path = DeskSlide.app; sourceTree = BUILT_PRODUCTS_DIR; };
		E922FA7317F02353008C7968 /* UIKit.framework */ = {isa = PBXFileReference; lastKnownFileType = wrapper.framework; name = UIKit.framework; path = System/Library/Frameworks/UIKit.framework; sourceTree = SDKROOT; };
		E922FA7517F02353008C7968 /* Foundation.framework */ = {isa = PBXFileReference; lastKnownFileType = wrapper.framework; name = Foundation.framework; path = System/Library/Frameworks/Foundation.framework; sourceTree = SDKROOT; };
		E922FA7717F02353008C7968 /* CoreGraphics.framework */ = {isa = PBXFileReference; lastKnownFileType = wrapper.framework; name = CoreGraphics.framework; path = System/Library/Frameworks/CoreGraphics.framework; sourceTree = SDKROOT; };
		E922FA7B17F02353008C7968 /* DeskSlide-Info.plist */ = {isa = PBXFileReference; lastKnownFileType = text.plist.xml; path = "DeskSlide-Info.plist"; sourceTree = "<group>"; };
		E922FA7D17F02353008C7968 /* en */ = {isa = PBXFileReference; lastKnownFileType = text.plist.strings; name = en; path = en.lproj/InfoPlist.strings; sourceTree = "<group>"; };
		E922FA7F17F02353008C7968 /* main.m */ = {isa = PBXFileReference; lastKnownFileType = sourcecode.c.objc; path = main.m; sourceTree = "<group>"; };
		E922FA8117F02353008C7968 /* DeskSlide-Prefix.pch */ = {isa = PBXFileReference; lastKnownFileType = sourcecode.c.h; path = "DeskSlide-Prefix.pch"; sourceTree = "<group>"; };
		E922FA8217F02353008C7968 /* DSAppDelegate.h */ = {isa = PBXFileReference; lastKnownFileType = sourcecode.c.h; path = DSAppDelegate.h; sourceTree = "<group>"; };
		E922FA8317F02353008C7968 /* DSAppDelegate.m */ = {isa = PBXFileReference; lastKnownFileType = sourcecode.c.objc; path = DSAppDelegate.m; sourceTree = "<group>"; };
		E922FA8517F02353008C7968 /* Default.png */ = {isa = PBXFileReference; lastKnownFileType = image.png; path = Default.png; sourceTree = "<group>"; };
		E922FA8717F02353008C7968 /* Default@2x.png */ = {isa = PBXFileReference; lastKnownFileType = image.png; path = "Default@2x.png"; sourceTree = "<group>"; };
		E922FA8917F02353008C7968 /* Default-568h@2x.png */ = {isa = PBXFileReference; lastKnownFileType = image.png; path = "Default-568h@2x.png"; sourceTree = "<group>"; };
		E922FA8C17F02353008C7968 /* en */ = {isa = PBXFileReference; lastKnownFileType = file.storyboard; name = en; path = en.lproj/MainStoryboard.storyboard; sourceTree = "<group>"; };
		E922FA8E17F02353008C7968 /* DSViewController.h */ = {isa = PBXFileReference; lastKnownFileType = sourcecode.c.h; path = DSViewController.h; sourceTree = "<group>"; };
		E922FA8F17F02353008C7968 /* DSViewController.m */ = {isa = PBXFileReference; lastKnownFileType = sourcecode.c.objc; path = DSViewController.m; sourceTree = "<group>"; };
		E922FAC717F04885008C7968 /* DSLoginViewController.h */ = {isa = PBXFileReference; fileEncoding = 4; lastKnownFileType = sourcecode.c.h; path = DSLoginViewController.h; sourceTree = "<group>"; };
		E922FAC817F04885008C7968 /* DSLoginViewController.m */ = {isa = PBXFileReference; fileEncoding = 4; lastKnownFileType = sourcecode.c.objc; path = DSLoginViewController.m; sourceTree = "<group>"; };
		E9590AEF1807054100594FFB /* DeskSlide Tests.octest */ = {isa = PBXFileReference; explicitFileType = wrapper.cfbundle; includeInIndex = 0; path = "DeskSlide Tests.octest"; sourceTree = BUILT_PRODUCTS_DIR; };
		E9590AF01807054100594FFB /* XCTest.framework */ = {isa = PBXFileReference; lastKnownFileType = wrapper.framework; name = XCTest.framework; path = Library/Frameworks/XCTest.framework; sourceTree = DEVELOPER_DIR; };
		E9590AF61807054100594FFB /* DeskSlide Tests-Info.plist */ = {isa = PBXFileReference; lastKnownFileType = text.plist.xml; path = "DeskSlide Tests-Info.plist"; sourceTree = "<group>"; };
		E9590AF81807054100594FFB /* en */ = {isa = PBXFileReference; lastKnownFileType = text.plist.strings; name = en; path = en.lproj/InfoPlist.strings; sourceTree = "<group>"; };
		E9590AFC1807054100594FFB /* DeskSlide Tests-Prefix.pch */ = {isa = PBXFileReference; lastKnownFileType = sourcecode.c.h; path = "DeskSlide Tests-Prefix.pch"; sourceTree = "<group>"; };
		E9590B0218070BDE00594FFB /* LoginTestCase.h */ = {isa = PBXFileReference; fileEncoding = 4; lastKnownFileType = sourcecode.c.h; path = LoginTestCase.h; sourceTree = "<group>"; };
		E9590B0318070BDE00594FFB /* LoginTestCase.m */ = {isa = PBXFileReference; fileEncoding = 4; lastKnownFileType = sourcecode.c.objc; path = LoginTestCase.m; sourceTree = "<group>"; };
		E9590B0518070C2300594FFB /* KIFUITestActor+EXAdditions.h */ = {isa = PBXFileReference; fileEncoding = 4; lastKnownFileType = sourcecode.c.h; path = "KIFUITestActor+EXAdditions.h"; sourceTree = "<group>"; };
		E9590B0618070C2300594FFB /* KIFUITestActor+EXAdditions.m */ = {isa = PBXFileReference; fileEncoding = 4; lastKnownFileType = sourcecode.c.objc; path = "KIFUITestActor+EXAdditions.m"; sourceTree = "<group>"; };
		E97B2EDB18B7AA9300795D07 /* Settings.bundle */ = {isa = PBXFileReference; lastKnownFileType = "wrapper.plug-in"; path = Settings.bundle; sourceTree = "<group>"; };
		E97B2EDD18B7B92200795D07 /* Icon-Small-50.png */ = {isa = PBXFileReference; lastKnownFileType = image.png; path = "Icon-Small-50.png"; sourceTree = "<group>"; };
		E97B2EDE18B7B92200795D07 /* Icon-Small-50@2x.png */ = {isa = PBXFileReference; lastKnownFileType = image.png; path = "Icon-Small-50@2x.png"; sourceTree = "<group>"; };
		E97B2EDF18B7B92200795D07 /* Icon-Small.png */ = {isa = PBXFileReference; lastKnownFileType = image.png; path = "Icon-Small.png"; sourceTree = "<group>"; };
		E97B2EE018B7B92200795D07 /* Icon-Small@2x.png */ = {isa = PBXFileReference; lastKnownFileType = image.png; path = "Icon-Small@2x.png"; sourceTree = "<group>"; };
		E99B83131810474000E7C4CB /* DSAuthViewController.h */ = {isa = PBXFileReference; fileEncoding = 4; lastKnownFileType = sourcecode.c.h; path = DSAuthViewController.h; sourceTree = "<group>"; };
		E99B83141810474000E7C4CB /* DSAuthViewController.m */ = {isa = PBXFileReference; fileEncoding = 4; lastKnownFileType = sourcecode.c.objc; path = DSAuthViewController.m; sourceTree = "<group>"; };
		E99B83151810474000E7C4CB /* DSAuthViewController.xib */ = {isa = PBXFileReference; fileEncoding = 4; lastKnownFileType = file.xib; path = DSAuthViewController.xib; sourceTree = "<group>"; };
		E99B831818104ADE00E7C4CB /* welcom_bg@2x.png */ = {isa = PBXFileReference; lastKnownFileType = image.png; path = "welcom_bg@2x.png"; sourceTree = "<group>"; };
		E99B831C1810663F00E7C4CB /* CFNetwork.framework */ = {isa = PBXFileReference; lastKnownFileType = wrapper.framework; name = CFNetwork.framework; path = System/Library/Frameworks/CFNetwork.framework; sourceTree = SDKROOT; };
		E99B831E1810665000E7C4CB /* QuartzCore.framework */ = {isa = PBXFileReference; lastKnownFileType = wrapper.framework; name = QuartzCore.framework; path = System/Library/Frameworks/QuartzCore.framework; sourceTree = SDKROOT; };
		E9AD6A1D17FFD269005A7D01 /* bg_w@2x.png */ = {isa = PBXFileReference; lastKnownFileType = image.png; path = "bg_w@2x.png"; sourceTree = "<group>"; };
		E9B0E78B17F074CC00544C88 /* bg@2x.png */ = {isa = PBXFileReference; lastKnownFileType = image.png; path = "bg@2x.png"; sourceTree = "<group>"; };
		E9B0E78D17F07B0800544C88 /* DSSettingViewController.h */ = {isa = PBXFileReference; fileEncoding = 4; lastKnownFileType = sourcecode.c.h; path = DSSettingViewController.h; sourceTree = "<group>"; };
		E9B0E78E17F07B0800544C88 /* DSSettingViewController.m */ = {isa = PBXFileReference; fileEncoding = 4; lastKnownFileType = sourcecode.c.objc; path = DSSettingViewController.m; sourceTree = "<group>"; };
		E9B0E79117F07DB800544C88 /* DSToolView.h */ = {isa = PBXFileReference; fileEncoding = 4; lastKnownFileType = sourcecode.c.h; path = DSToolView.h; sourceTree = "<group>"; };
		E9B0E79217F07DB800544C88 /* DSToolView.m */ = {isa = PBXFileReference; fileEncoding = 4; lastKnownFileType = sourcecode.c.objc; path = DSToolView.m; sourceTree = "<group>"; };
		E9B0E79417F0A3CC00544C88 /* DSConstants.h */ = {isa = PBXFileReference; fileEncoding = 4; lastKnownFileType = sourcecode.c.h; path = DSConstants.h; sourceTree = "<group>"; };
		E9B0E79517F0A3CC00544C88 /* DSConstants.m */ = {isa = PBXFileReference; fileEncoding = 4; lastKnownFileType = sourcecode.c.objc; path = DSConstants.m; sourceTree = "<group>"; };
		E9B0E79717F0A92800544C88 /* DSDocumentCell.h */ = {isa = PBXFileReference; fileEncoding = 4; lastKnownFileType = sourcecode.c.h; path = DSDocumentCell.h; sourceTree = "<group>"; };
		E9B0E79817F0A92800544C88 /* DSDocumentCell.m */ = {isa = PBXFileReference; fileEncoding = 4; lastKnownFileType = sourcecode.c.objc; path = DSDocumentCell.m; sourceTree = "<group>"; };
		E9B0E7A317F8850700544C88 /* DSPreviewViewController.h */ = {isa = PBXFileReference; fileEncoding = 4; lastKnownFileType = sourcecode.c.h; path = DSPreviewViewController.h; sourceTree = "<group>"; };
		E9B0E7A417F8850800544C88 /* DSPreviewViewController.m */ = {isa = PBXFileReference; fileEncoding = 4; lastKnownFileType = sourcecode.c.objc; path = DSPreviewViewController.m; sourceTree = "<group>"; };
		E9B0E7A617F8F76600544C88 /* DSUtils.h */ = {isa = PBXFileReference; fileEncoding = 4; lastKnownFileType = sourcecode.c.h; path = DSUtils.h; sourceTree = "<group>"; };
		E9B0E7A717F8F76600544C88 /* DSUtils.m */ = {isa = PBXFileReference; fileEncoding = 4; lastKnownFileType = sourcecode.c.objc; path = DSUtils.m; sourceTree = "<group>"; };
		E9B0E7AB17F8FA1100544C88 /* GAI.h */ = {isa = PBXFileReference; fileEncoding = 4; lastKnownFileType = sourcecode.c.h; path = GAI.h; sourceTree = "<group>"; };
		E9B0E7AC17F8FA1100544C88 /* GAIDictionaryBuilder.h */ = {isa = PBXFileReference; fileEncoding = 4; lastKnownFileType = sourcecode.c.h; path = GAIDictionaryBuilder.h; sourceTree = "<group>"; };
		E9B0E7AD17F8FA1100544C88 /* GAIFields.h */ = {isa = PBXFileReference; fileEncoding = 4; lastKnownFileType = sourcecode.c.h; path = GAIFields.h; sourceTree = "<group>"; };
		E9B0E7AE17F8FA1100544C88 /* GAILogger.h */ = {isa = PBXFileReference; fileEncoding = 4; lastKnownFileType = sourcecode.c.h; path = GAILogger.h; sourceTree = "<group>"; };
		E9B0E7AF17F8FA1100544C88 /* GAITrackedViewController.h */ = {isa = PBXFileReference; fileEncoding = 4; lastKnownFileType = sourcecode.c.h; path = GAITrackedViewController.h; sourceTree = "<group>"; };
		E9B0E7B017F8FA1100544C88 /* GAITracker.h */ = {isa = PBXFileReference; fileEncoding = 4; lastKnownFileType = sourcecode.c.h; path = GAITracker.h; sourceTree = "<group>"; };
		E9B0E7B117F8FA1100544C88 /* libGoogleAnalyticsServices.a */ = {isa = PBXFileReference; lastKnownFileType = archive.ar; path = libGoogleAnalyticsServices.a; sourceTree = "<group>"; };
		E9B0E7B317F8FA4600544C88 /* CoreData.framework */ = {isa = PBXFileReference; lastKnownFileType = wrapper.framework; name = CoreData.framework; path = System/Library/Frameworks/CoreData.framework; sourceTree = SDKROOT; };
		E9B0E7B517F8FA5500544C88 /* SystemConfiguration.framework */ = {isa = PBXFileReference; lastKnownFileType = wrapper.framework; name = SystemConfiguration.framework; path = System/Library/Frameworks/SystemConfiguration.framework; sourceTree = SDKROOT; };
		E9B0E7B717F8FA5E00544C88 /* libz.dylib */ = {isa = PBXFileReference; lastKnownFileType = "compiled.mach-o.dylib"; name = libz.dylib; path = usr/lib/libz.dylib; sourceTree = SDKROOT; };
		E9B0E7BA17F8FFD300544C88 /* Crashlytics.framework */ = {isa = PBXFileReference; lastKnownFileType = wrapper.framework; name = Crashlytics.framework; path = DeskSlide/Vender/Crashlytics.framework; sourceTree = "<group>"; };
		E9B0E7C617F9CAF400544C88 /* Icon-60.png */ = {isa = PBXFileReference; lastKnownFileType = image.png; path = "Icon-60.png"; sourceTree = "<group>"; };
		E9B0E7C717F9CAF400544C88 /* Icon-60@2x.png */ = {isa = PBXFileReference; lastKnownFileType = image.png; path = "Icon-60@2x.png"; sourceTree = "<group>"; };
		E9B0E7C817F9CAF400544C88 /* Icon.png */ = {isa = PBXFileReference; lastKnownFileType = image.png; path = Icon.png; sourceTree = "<group>"; };
		E9B0E7C917F9CAF400544C88 /* Icon@2x.png */ = {isa = PBXFileReference; lastKnownFileType = image.png; path = "Icon@2x.png"; sourceTree = "<group>"; };
		E9B0E7CE17FBA65400544C88 /* iAd.framework */ = {isa = PBXFileReference; lastKnownFileType = wrapper.framework; name = iAd.framework; path = System/Library/Frameworks/iAd.framework; sourceTree = SDKROOT; };
		E9B0E7D117FC71C500544C88 /* GADAdMobExtras.h */ = {isa = PBXFileReference; fileEncoding = 4; lastKnownFileType = sourcecode.c.h; path = GADAdMobExtras.h; sourceTree = "<group>"; };
		E9B0E7D217FC71C500544C88 /* GADAdNetworkExtras.h */ = {isa = PBXFileReference; fileEncoding = 4; lastKnownFileType = sourcecode.c.h; path = GADAdNetworkExtras.h; sourceTree = "<group>"; };
		E9B0E7D317FC71C500544C88 /* GADAdSize.h */ = {isa = PBXFileReference; fileEncoding = 4; lastKnownFileType = sourcecode.c.h; path = GADAdSize.h; sourceTree = "<group>"; };
		E9B0E7D417FC71C500544C88 /* GADBannerView.h */ = {isa = PBXFileReference; fileEncoding = 4; lastKnownFileType = sourcecode.c.h; path = GADBannerView.h; sourceTree = "<group>"; };
		E9B0E7D517FC71C500544C88 /* GADBannerViewDelegate.h */ = {isa = PBXFileReference; fileEncoding = 4; lastKnownFileType = sourcecode.c.h; path = GADBannerViewDelegate.h; sourceTree = "<group>"; };
		E9B0E7D617FC71C500544C88 /* GADInterstitial.h */ = {isa = PBXFileReference; fileEncoding = 4; lastKnownFileType = sourcecode.c.h; path = GADInterstitial.h; sourceTree = "<group>"; };
		E9B0E7D717FC71C500544C88 /* GADInterstitialDelegate.h */ = {isa = PBXFileReference; fileEncoding = 4; lastKnownFileType = sourcecode.c.h; path = GADInterstitialDelegate.h; sourceTree = "<group>"; };
		E9B0E7D817FC71C500544C88 /* GADRequest.h */ = {isa = PBXFileReference; fileEncoding = 4; lastKnownFileType = sourcecode.c.h; path = GADRequest.h; sourceTree = "<group>"; };
		E9B0E7D917FC71C500544C88 /* GADRequestError.h */ = {isa = PBXFileReference; fileEncoding = 4; lastKnownFileType = sourcecode.c.h; path = GADRequestError.h; sourceTree = "<group>"; };
		E9B0E7DA17FC71C500544C88 /* libGoogleAdMobAds.a */ = {isa = PBXFileReference; lastKnownFileType = archive.ar; path = libGoogleAdMobAds.a; sourceTree = "<group>"; };
		E9B0E7DC17FC77D600544C88 /* MessageUI.framework */ = {isa = PBXFileReference; lastKnownFileType = wrapper.framework; name = MessageUI.framework; path = System/Library/Frameworks/MessageUI.framework; sourceTree = SDKROOT; };
		E9B0E7DE17FC77DF00544C88 /* AudioToolbox.framework */ = {isa = PBXFileReference; lastKnownFileType = wrapper.framework; name = AudioToolbox.framework; path = System/Library/Frameworks/AudioToolbox.framework; sourceTree = SDKROOT; };
		E9C7804018B8FC2600C4E79C /* en */ = {isa = PBXFileReference; lastKnownFileType = text.plist.strings; name = en; path = en.lproj/HelpshiftLocalizable.strings; sourceTree = "<group>"; };
		E9C7805018B9144D00C4E79C /* HelpshiftConfig.plist */ = {isa = PBXFileReference; fileEncoding = 4; lastKnownFileType = text.plist.xml; path = HelpshiftConfig.plist; sourceTree = "<group>"; };
		E9DFBBBF181193F100153FA6 /* DSSignUpViewController.h */ = {isa = PBXFileReference; fileEncoding = 4; lastKnownFileType = sourcecode.c.h; path = DSSignUpViewController.h; sourceTree = "<group>"; };
		E9DFBBC0181193F100153FA6 /* DSSignUpViewController.m */ = {isa = PBXFileReference; fileEncoding = 4; lastKnownFileType = sourcecode.c.objc; path = DSSignUpViewController.m; sourceTree = "<group>"; };
		FADB12D7AD884D52A2B2A2FF /* Pods.xcconfig */ = {isa = PBXFileReference; includeInIndex = 1; lastKnownFileType = text.xcconfig; name = Pods.xcconfig; path = Pods/Pods.xcconfig; sourceTree = "<group>"; };
		FB2BE02A234641CD9A2FB596 /* libPods.a */ = {isa = PBXFileReference; explicitFileType = archive.ar; includeInIndex = 0; path = libPods.a; sourceTree = BUILT_PRODUCTS_DIR; };
/* End PBXFileReference section */

/* Begin PBXFrameworksBuildPhase section */
		E922FA6D17F02353008C7968 /* Frameworks */ = {
			isa = PBXFrameworksBuildPhase;
			buildActionMask = 2147483647;
			files = (
				E99B831F1810665000E7C4CB /* QuartzCore.framework in Frameworks */,
				E99B831D1810663F00E7C4CB /* CFNetwork.framework in Frameworks */,
				E922FA7817F02353008C7968 /* CoreGraphics.framework in Frameworks */,
				E9B0E7DF17FC77DF00544C88 /* AudioToolbox.framework in Frameworks */,
				E9B0E7DD17FC77D600544C88 /* MessageUI.framework in Frameworks */,
				E9B0E7CF17FBA65400544C88 /* iAd.framework in Frameworks */,
				E9B0E7B817F8FA5E00544C88 /* libz.dylib in Frameworks */,
				E9B0E7B617F8FA5500544C88 /* SystemConfiguration.framework in Frameworks */,
				E9B0E7B417F8FA4600544C88 /* CoreData.framework in Frameworks */,
				E922FA7417F02353008C7968 /* UIKit.framework in Frameworks */,
				E922FA7617F02353008C7968 /* Foundation.framework in Frameworks */,
				428906B4306148B29122289D /* libPods.a in Frameworks */,
				E9B0E7B217F8FA1100544C88 /* libGoogleAnalyticsServices.a in Frameworks */,
				E9B0E7BB17F8FFD300544C88 /* Crashlytics.framework in Frameworks */,
				E9B0E7DB17FC71C500544C88 /* libGoogleAdMobAds.a in Frameworks */,
			);
			runOnlyForDeploymentPostprocessing = 0;
		};
		E9590AEC1807054100594FFB /* Frameworks */ = {
			isa = PBXFrameworksBuildPhase;
			buildActionMask = 2147483647;
			files = (
				E9590AF11807054100594FFB /* XCTest.framework in Frameworks */,
				E9590AF31807054100594FFB /* UIKit.framework in Frameworks */,
				E9590AF21807054100594FFB /* Foundation.framework in Frameworks */,
				0086357FE7384BDE9C2BFDF3 /* libPods-DeskSlide Tests.a in Frameworks */,
			);
			runOnlyForDeploymentPostprocessing = 0;
		};
/* End PBXFrameworksBuildPhase section */

/* Begin PBXGroup section */
		E922FA6717F02353008C7968 = {
			isa = PBXGroup;
			children = (
				E922FA7917F02353008C7968 /* DeskSlide */,
				E9590AF41807054100594FFB /* DeskSlide Tests */,
				E922FA7217F02353008C7968 /* Frameworks */,
				E922FA7117F02353008C7968 /* Products */,
				FADB12D7AD884D52A2B2A2FF /* Pods.xcconfig */,
				3EC8C144E41146E0B0C6ED14 /* Pods-DeskSlide Tests.xcconfig */,
			);
			sourceTree = "<group>";
		};
		E922FA7117F02353008C7968 /* Products */ = {
			isa = PBXGroup;
			children = (
				E922FA7017F02353008C7968 /* DeskSlide.app */,
				E9590AEF1807054100594FFB /* DeskSlide Tests.octest */,
			);
			name = Products;
			sourceTree = "<group>";
		};
		E922FA7217F02353008C7968 /* Frameworks */ = {
			isa = PBXGroup;
			children = (
				E99B831E1810665000E7C4CB /* QuartzCore.framework */,
				E99B831C1810663F00E7C4CB /* CFNetwork.framework */,
				E9B0E7DE17FC77DF00544C88 /* AudioToolbox.framework */,
				E9B0E7DC17FC77D600544C88 /* MessageUI.framework */,
				E9B0E7CE17FBA65400544C88 /* iAd.framework */,
				E9B0E7B717F8FA5E00544C88 /* libz.dylib */,
				E9B0E7B517F8FA5500544C88 /* SystemConfiguration.framework */,
				E9B0E7B317F8FA4600544C88 /* CoreData.framework */,
				E9B0E7BA17F8FFD300544C88 /* Crashlytics.framework */,
				E922FA7317F02353008C7968 /* UIKit.framework */,
				E922FA7517F02353008C7968 /* Foundation.framework */,
				E922FA7717F02353008C7968 /* CoreGraphics.framework */,
				FB2BE02A234641CD9A2FB596 /* libPods.a */,
				E9590AF01807054100594FFB /* XCTest.framework */,
				ACD6C658E78D4BB58CD3EE37 /* libPods-DeskSlide Tests.a */,
			);
			name = Frameworks;
			sourceTree = "<group>";
		};
		E922FA7917F02353008C7968 /* DeskSlide */ = {
			isa = PBXGroup;
			children = (
				E9B0E7A917F8FA1100544C88 /* Vender */,
				E9B0E78817F06CB800544C88 /* Category */,
				E922FAC617F04846008C7968 /* Controllers */,
				E9B0E79017F07D9C00544C88 /* Views */,
				E9B0E79417F0A3CC00544C88 /* DSConstants.h */,
				E9B0E79517F0A3CC00544C88 /* DSConstants.m */,
				E922FA8217F02353008C7968 /* DSAppDelegate.h */,
				E922FA8317F02353008C7968 /* DSAppDelegate.m */,
				E922FA8B17F02353008C7968 /* MainStoryboard.storyboard */,
				E922FA8E17F02353008C7968 /* DSViewController.h */,
				E922FA8F17F02353008C7968 /* DSViewController.m */,
				E9B0E7A317F8850700544C88 /* DSPreviewViewController.h */,
				E9B0E7A417F8850800544C88 /* DSPreviewViewController.m */,
				E9B0E78D17F07B0800544C88 /* DSSettingViewController.h */,
				E9B0E78E17F07B0800544C88 /* DSSettingViewController.m */,
				E9B0E78A17F074CC00544C88 /* Resource */,
				E922FA7A17F02353008C7968 /* Supporting Files */,
				E9B0E7A617F8F76600544C88 /* DSUtils.h */,
				E9B0E7A717F8F76600544C88 /* DSUtils.m */,
			);
			path = DeskSlide;
			sourceTree = "<group>";
		};
		E922FA7A17F02353008C7968 /* Supporting Files */ = {
			isa = PBXGroup;
			children = (
				E9C7804F18B9144D00C4E79C /* HSThemes */,
				E9C7803D18B8FC2600C4E79C /* HSLocalization */,
				E922FA7B17F02353008C7968 /* DeskSlide-Info.plist */,
				E922FA7C17F02353008C7968 /* InfoPlist.strings */,
				E922FA7F17F02353008C7968 /* main.m */,
				E922FA8117F02353008C7968 /* DeskSlide-Prefix.pch */,
				E922FA8517F02353008C7968 /* Default.png */,
				E922FA8717F02353008C7968 /* Default@2x.png */,
				E922FA8917F02353008C7968 /* Default-568h@2x.png */,
				E97B2EDB18B7AA9300795D07 /* Settings.bundle */,
			);
			name = "Supporting Files";
			sourceTree = "<group>";
		};
		E922FAC617F04846008C7968 /* Controllers */ = {
			isa = PBXGroup;
			children = (
				E922FAC717F04885008C7968 /* DSLoginViewController.h */,
				E922FAC817F04885008C7968 /* DSLoginViewController.m */,
				E99B83131810474000E7C4CB /* DSAuthViewController.h */,
				E99B83141810474000E7C4CB /* DSAuthViewController.m */,
				E99B83151810474000E7C4CB /* DSAuthViewController.xib */,
				E9DFBBBF181193F100153FA6 /* DSSignUpViewController.h */,
				E9DFBBC0181193F100153FA6 /* DSSignUpViewController.m */,
			);
			name = Controllers;
			sourceTree = "<group>";
		};
		E9590AF41807054100594FFB /* DeskSlide Tests */ = {
			isa = PBXGroup;
			children = (
				E9590B0218070BDE00594FFB /* LoginTestCase.h */,
				E9590B0318070BDE00594FFB /* LoginTestCase.m */,
				E9590B0518070C2300594FFB /* KIFUITestActor+EXAdditions.h */,
				E9590B0618070C2300594FFB /* KIFUITestActor+EXAdditions.m */,
				E9590AF51807054100594FFB /* Supporting Files */,
			);
			path = "DeskSlide Tests";
			sourceTree = "<group>";
		};
		E9590AF51807054100594FFB /* Supporting Files */ = {
			isa = PBXGroup;
			children = (
				E9590AF61807054100594FFB /* DeskSlide Tests-Info.plist */,
				E9590AF71807054100594FFB /* InfoPlist.strings */,
				E9590AFC1807054100594FFB /* DeskSlide Tests-Prefix.pch */,
			);
			name = "Supporting Files";
			sourceTree = "<group>";
		};
		E9B0E78817F06CB800544C88 /* Category */ = {
			isa = PBXGroup;
			children = (
			);
			name = Category;
			sourceTree = "<group>";
		};
		E9B0E78A17F074CC00544C88 /* Resource */ = {
			isa = PBXGroup;
			children = (
				E97B2EDD18B7B92200795D07 /* Icon-Small-50.png */,
				E97B2EDE18B7B92200795D07 /* Icon-Small-50@2x.png */,
				E97B2EDF18B7B92200795D07 /* Icon-Small.png */,
				E97B2EE018B7B92200795D07 /* Icon-Small@2x.png */,
				E99B831818104ADE00E7C4CB /* welcom_bg@2x.png */,
				E9B0E78B17F074CC00544C88 /* bg@2x.png */,
				E9AD6A1D17FFD269005A7D01 /* bg_w@2x.png */,
				E9B0E7C617F9CAF400544C88 /* Icon-60.png */,
				E9B0E7C717F9CAF400544C88 /* Icon-60@2x.png */,
				E9B0E7C817F9CAF400544C88 /* Icon.png */,
				E9B0E7C917F9CAF400544C88 /* Icon@2x.png */,
			);
			path = Resource;
			sourceTree = "<group>";
		};
		E9B0E79017F07D9C00544C88 /* Views */ = {
			isa = PBXGroup;
			children = (
				E9B0E79117F07DB800544C88 /* DSToolView.h */,
				E9B0E79217F07DB800544C88 /* DSToolView.m */,
				E9B0E79717F0A92800544C88 /* DSDocumentCell.h */,
				E9B0E79817F0A92800544C88 /* DSDocumentCell.m */,
			);
			name = Views;
			sourceTree = "<group>";
		};
		E9B0E7A917F8FA1100544C88 /* Vender */ = {
			isa = PBXGroup;
			children = (
				E9B0E7D017FC71C500544C88 /* GoogleAdMobAdsSdkiOS-6.5.1 */,
				E9B0E7AA17F8FA1100544C88 /* GoogleAnalytics */,
			);
			path = Vender;
			sourceTree = "<group>";
		};
		E9B0E7AA17F8FA1100544C88 /* GoogleAnalytics */ = {
			isa = PBXGroup;
			children = (
				E9B0E7AB17F8FA1100544C88 /* GAI.h */,
				E9B0E7AC17F8FA1100544C88 /* GAIDictionaryBuilder.h */,
				E9B0E7AD17F8FA1100544C88 /* GAIFields.h */,
				E9B0E7AE17F8FA1100544C88 /* GAILogger.h */,
				E9B0E7AF17F8FA1100544C88 /* GAITrackedViewController.h */,
				E9B0E7B017F8FA1100544C88 /* GAITracker.h */,
				E9B0E7B117F8FA1100544C88 /* libGoogleAnalyticsServices.a */,
			);
			path = GoogleAnalytics;
			sourceTree = "<group>";
		};
		E9B0E7D017FC71C500544C88 /* GoogleAdMobAdsSdkiOS-6.5.1 */ = {
			isa = PBXGroup;
			children = (
				E9B0E7D117FC71C500544C88 /* GADAdMobExtras.h */,
				E9B0E7D217FC71C500544C88 /* GADAdNetworkExtras.h */,
				E9B0E7D317FC71C500544C88 /* GADAdSize.h */,
				E9B0E7D417FC71C500544C88 /* GADBannerView.h */,
				E9B0E7D517FC71C500544C88 /* GADBannerViewDelegate.h */,
				E9B0E7D617FC71C500544C88 /* GADInterstitial.h */,
				E9B0E7D717FC71C500544C88 /* GADInterstitialDelegate.h */,
				E9B0E7D817FC71C500544C88 /* GADRequest.h */,
				E9B0E7D917FC71C500544C88 /* GADRequestError.h */,
				E9B0E7DA17FC71C500544C88 /* libGoogleAdMobAds.a */,
			);
			path = "GoogleAdMobAdsSdkiOS-6.5.1";
			sourceTree = "<group>";
		};
		E9C7803D18B8FC2600C4E79C /* HSLocalization */ = {
			isa = PBXGroup;
			children = (
				E9C7803E18B8FC2600C4E79C /* HelpshiftLocalizable.strings */,
			);
			path = HSLocalization;
			sourceTree = "<group>";
		};
		E9C7804F18B9144D00C4E79C /* HSThemes */ = {
			isa = PBXGroup;
			children = (
				E9C7805018B9144D00C4E79C /* HelpshiftConfig.plist */,
			);
			path = HSThemes;
			sourceTree = "<group>";
		};
/* End PBXGroup section */

/* Begin PBXNativeTarget section */
		E922FA6F17F02353008C7968 /* DeskSlide */ = {
			isa = PBXNativeTarget;
			buildConfigurationList = E922FA9317F02353008C7968 /* Build configuration list for PBXNativeTarget "DeskSlide" */;
			buildPhases = (
				B2DD17FB0C5F4DAF912F2792 /* Check Pods Manifest.lock */,
				E922FA6C17F02353008C7968 /* Sources */,
				E922FA6D17F02353008C7968 /* Frameworks */,
				E922FA6E17F02353008C7968 /* Resources */,
				C2CFD37846F44FBAB195034B /* Copy Pods Resources */,
				E9B0E7B917F8FFB700544C88 /* ShellScript */,
			);
			buildRules = (
			);
			dependencies = (
			);
			name = DeskSlide;
			productName = DeskSlide;
			productReference = E922FA7017F02353008C7968 /* DeskSlide.app */;
			productType = "com.apple.product-type.application";
		};
		E9590AEE1807054100594FFB /* DeskSlide Tests */ = {
			isa = PBXNativeTarget;
			buildConfigurationList = E9590B011807054100594FFB /* Build configuration list for PBXNativeTarget "DeskSlide Tests" */;
			buildPhases = (
				DE9BA8283E0946D2A9CACFA6 /* Check Pods Manifest.lock */,
				E9590AEB1807054100594FFB /* Sources */,
				E9590AEC1807054100594FFB /* Frameworks */,
				E9590AED1807054100594FFB /* Resources */,
				9962771FC1F54ED995FFDDEF /* Copy Pods Resources */,
			);
			buildRules = (
			);
			dependencies = (
				E9590AFE1807054100594FFB /* PBXTargetDependency */,
			);
			name = "DeskSlide Tests";
			productName = "DeskSlide Tests";
			productReference = E9590AEF1807054100594FFB /* DeskSlide Tests.octest */;
			productType = "com.apple.product-type.bundle.unit-test";
		};
/* End PBXNativeTarget section */

/* Begin PBXProject section */
		E922FA6817F02353008C7968 /* Project object */ = {
			isa = PBXProject;
			attributes = {
				CLASSPREFIX = DS;
				LastUpgradeCheck = 0460;
				ORGANIZATIONNAME = "Hiroki Yoshifuji";
				TargetAttributes = {
					E922FA6F17F02353008C7968 = {
						DevelopmentTeam = Z8E8FLY423;
					};
					E9590AEE1807054100594FFB = {
						TestTargetID = E922FA6F17F02353008C7968;
					};
				};
			};
			buildConfigurationList = E922FA6B17F02353008C7968 /* Build configuration list for PBXProject "DeskSlide" */;
			compatibilityVersion = "Xcode 3.2";
			developmentRegion = English;
			hasScannedForEncodings = 0;
			knownRegions = (
				en,
				de,
				es,
				fr,
				it,
				ja,
				ko,
				pt,
				ru,
				tr,
				"zh-Hans",
			);
			mainGroup = E922FA6717F02353008C7968;
			productRefGroup = E922FA7117F02353008C7968 /* Products */;
			projectDirPath = "";
			projectRoot = "";
			targets = (
				E922FA6F17F02353008C7968 /* DeskSlide */,
				E9590AEE1807054100594FFB /* DeskSlide Tests */,
			);
		};
/* End PBXProject section */

/* Begin PBXResourcesBuildPhase section */
		E922FA6E17F02353008C7968 /* Resources */ = {
			isa = PBXResourcesBuildPhase;
			buildActionMask = 2147483647;
			files = (
				E9C7805218B9144D00C4E79C /* HelpshiftConfig.plist in Resources */,
				E99B831918104ADE00E7C4CB /* welcom_bg@2x.png in Resources */,
				E922FA7E17F02353008C7968 /* InfoPlist.strings in Resources */,
				E97B2EE218B7B92300795D07 /* Icon-Small-50@2x.png in Resources */,
				E97B2EE418B7B92300795D07 /* Icon-Small@2x.png in Resources */,
				E922FA8617F02353008C7968 /* Default.png in Resources */,
				E922FA8817F02353008C7968 /* Default@2x.png in Resources */,
				E922FA8A17F02353008C7968 /* Default-568h@2x.png in Resources */,
				E99B83171810474000E7C4CB /* DSAuthViewController.xib in Resources */,
				E97B2EDC18B7AA9300795D07 /* Settings.bundle in Resources */,
				E922FA8D17F02353008C7968 /* MainStoryboard.storyboard in Resources */,
				E9C7804A18B8FC2600C4E79C /* HelpshiftLocalizable.strings in Resources */,
				E9AD6A1E17FFD269005A7D01 /* bg_w@2x.png in Resources */,
				E97B2EE318B7B92300795D07 /* Icon-Small.png in Resources */,
				E9B0E78C17F074CC00544C88 /* bg@2x.png in Resources */,
				E9B0E7CA17F9CAF400544C88 /* Icon-60.png in Resources */,
				E9B0E7CB17F9CAF400544C88 /* Icon-60@2x.png in Resources */,
				E97B2EE118B7B92200795D07 /* Icon-Small-50.png in Resources */,
				E9B0E7CC17F9CAF400544C88 /* Icon.png in Resources */,
				E9B0E7CD17F9CAF400544C88 /* Icon@2x.png in Resources */,
			);
			runOnlyForDeploymentPostprocessing = 0;
		};
		E9590AED1807054100594FFB /* Resources */ = {
			isa = PBXResourcesBuildPhase;
			buildActionMask = 2147483647;
			files = (
				E9590AF91807054100594FFB /* InfoPlist.strings in Resources */,
			);
			runOnlyForDeploymentPostprocessing = 0;
		};
/* End PBXResourcesBuildPhase section */

/* Begin PBXShellScriptBuildPhase section */
		9962771FC1F54ED995FFDDEF /* Copy Pods Resources */ = {
			isa = PBXShellScriptBuildPhase;
			buildActionMask = 2147483647;
			files = (
			);
			inputPaths = (
			);
			name = "Copy Pods Resources";
			outputPaths = (
			);
			runOnlyForDeploymentPostprocessing = 0;
			shellPath = /bin/sh;
			shellScript = "\"${SRCROOT}/Pods/Pods-DeskSlide Tests-resources.sh\"\n";
			showEnvVarsInLog = 0;
		};
		B2DD17FB0C5F4DAF912F2792 /* Check Pods Manifest.lock */ = {
			isa = PBXShellScriptBuildPhase;
			buildActionMask = 2147483647;
			files = (
			);
			inputPaths = (
			);
			name = "Check Pods Manifest.lock";
			outputPaths = (
			);
			runOnlyForDeploymentPostprocessing = 0;
			shellPath = /bin/sh;
			shellScript = "diff \"${PODS_ROOT}/../Podfile.lock\" \"${PODS_ROOT}/Manifest.lock\" > /dev/null\nif [[ $? != 0 ]] ; then\n    cat << EOM\nerror: The sandbox is not in sync with the Podfile.lock. Run 'pod install' or update your CocoaPods installation.\nEOM\n    exit 1\nfi\n";
			showEnvVarsInLog = 0;
		};
		C2CFD37846F44FBAB195034B /* Copy Pods Resources */ = {
			isa = PBXShellScriptBuildPhase;
			buildActionMask = 2147483647;
			files = (
			);
			inputPaths = (
			);
			name = "Copy Pods Resources";
			outputPaths = (
			);
			runOnlyForDeploymentPostprocessing = 0;
			shellPath = /bin/sh;
			shellScript = "\"${SRCROOT}/Pods/Pods-resources.sh\"\n";
			showEnvVarsInLog = 0;
		};
		DE9BA8283E0946D2A9CACFA6 /* Check Pods Manifest.lock */ = {
			isa = PBXShellScriptBuildPhase;
			buildActionMask = 2147483647;
			files = (
			);
			inputPaths = (
			);
			name = "Check Pods Manifest.lock";
			outputPaths = (
			);
			runOnlyForDeploymentPostprocessing = 0;
			shellPath = /bin/sh;
			shellScript = "diff \"${PODS_ROOT}/../Podfile.lock\" \"${PODS_ROOT}/Manifest.lock\" > /dev/null\nif [[ $? != 0 ]] ; then\n    cat << EOM\nerror: The sandbox is not in sync with the Podfile.lock. Run 'pod install' or update your CocoaPods installation.\nEOM\n    exit 1\nfi\n";
			showEnvVarsInLog = 0;
		};
		E9B0E7B917F8FFB700544C88 /* ShellScript */ = {
			isa = PBXShellScriptBuildPhase;
			buildActionMask = 2147483647;
			files = (
			);
			inputPaths = (
			);
			outputPaths = (
			);
			runOnlyForDeploymentPostprocessing = 0;
			shellPath = /bin/sh;
			shellScript = "./Crashlytics.framework/run b23780728daaf4165202578d33fcddfe13bf2bef";
		};
/* End PBXShellScriptBuildPhase section */

/* Begin PBXSourcesBuildPhase section */
		E922FA6C17F02353008C7968 /* Sources */ = {
			isa = PBXSourcesBuildPhase;
			buildActionMask = 2147483647;
			files = (
				E922FA8017F02353008C7968 /* main.m in Sources */,
				E99B83161810474000E7C4CB /* DSAuthViewController.m in Sources */,
				E922FA8417F02353008C7968 /* DSAppDelegate.m in Sources */,
				E922FA9017F02353008C7968 /* DSViewController.m in Sources */,
				E922FAC917F04885008C7968 /* DSLoginViewController.m in Sources */,
				E9B0E78F17F07B0800544C88 /* DSSettingViewController.m in Sources */,
				E9B0E79317F07DB800544C88 /* DSToolView.m in Sources */,
				E9B0E79617F0A3CC00544C88 /* DSConstants.m in Sources */,
				E9B0E79917F0A92800544C88 /* DSDocumentCell.m in Sources */,
				E9B0E7A517F8850800544C88 /* DSPreviewViewController.m in Sources */,
				E9B0E7A817F8F76600544C88 /* DSUtils.m in Sources */,
				E9DFBBC1181193F100153FA6 /* DSSignUpViewController.m in Sources */,
			);
			runOnlyForDeploymentPostprocessing = 0;
		};
		E9590AEB1807054100594FFB /* Sources */ = {
			isa = PBXSourcesBuildPhase;
			buildActionMask = 2147483647;
			files = (
				E9590B0418070BDE00594FFB /* LoginTestCase.m in Sources */,
				E9590B0718070C2300594FFB /* KIFUITestActor+EXAdditions.m in Sources */,
			);
			runOnlyForDeploymentPostprocessing = 0;
		};
/* End PBXSourcesBuildPhase section */

/* Begin PBXTargetDependency section */
		E9590AFE1807054100594FFB /* PBXTargetDependency */ = {
			isa = PBXTargetDependency;
			target = E922FA6F17F02353008C7968 /* DeskSlide */;
			targetProxy = E9590AFD1807054100594FFB /* PBXContainerItemProxy */;
		};
/* End PBXTargetDependency section */

/* Begin PBXVariantGroup section */
		E922FA7C17F02353008C7968 /* InfoPlist.strings */ = {
			isa = PBXVariantGroup;
			children = (
				E922FA7D17F02353008C7968 /* en */,
			);
			name = InfoPlist.strings;
			sourceTree = "<group>";
		};
		E922FA8B17F02353008C7968 /* MainStoryboard.storyboard */ = {
			isa = PBXVariantGroup;
			children = (
				E922FA8C17F02353008C7968 /* en */,
			);
			name = MainStoryboard.storyboard;
			sourceTree = "<group>";
		};
		E9590AF71807054100594FFB /* InfoPlist.strings */ = {
			isa = PBXVariantGroup;
			children = (
				E9590AF81807054100594FFB /* en */,
			);
			name = InfoPlist.strings;
			sourceTree = "<group>";
		};
		E9C7803E18B8FC2600C4E79C /* HelpshiftLocalizable.strings */ = {
			isa = PBXVariantGroup;
			children = (
				E9C7804018B8FC2600C4E79C /* en */,
			);
			name = HelpshiftLocalizable.strings;
			sourceTree = "<group>";
		};
/* End PBXVariantGroup section */

/* Begin XCBuildConfiguration section */
		E922FA9117F02353008C7968 /* Debug */ = {
			isa = XCBuildConfiguration;
			buildSettings = {
				ALWAYS_SEARCH_USER_PATHS = NO;
				CLANG_CXX_LANGUAGE_STANDARD = "gnu++0x";
				CLANG_CXX_LIBRARY = "libc++";
				CLANG_ENABLE_OBJC_ARC = YES;
				CLANG_WARN_CONSTANT_CONVERSION = YES;
				CLANG_WARN_EMPTY_BODY = YES;
				CLANG_WARN_ENUM_CONVERSION = YES;
				CLANG_WARN_INT_CONVERSION = YES;
				CLANG_WARN__DUPLICATE_METHOD_MATCH = YES;
				"CODE_SIGN_IDENTITY[sdk=iphoneos*]" = "iPhone Developer";
				COPY_PHASE_STRIP = NO;
				GCC_C_LANGUAGE_STANDARD = gnu99;
				GCC_DYNAMIC_NO_PIC = NO;
				GCC_OPTIMIZATION_LEVEL = 0;
				GCC_PREPROCESSOR_DEFINITIONS = (
					"DEBUG=1",
					"$(inherited)",
				);
				GCC_SYMBOLS_PRIVATE_EXTERN = NO;
				GCC_WARN_ABOUT_RETURN_TYPE = YES;
				GCC_WARN_UNINITIALIZED_AUTOS = YES;
				GCC_WARN_UNUSED_VARIABLE = YES;
				IPHONEOS_DEPLOYMENT_TARGET = 6.1;
				ONLY_ACTIVE_ARCH = YES;
				SDKROOT = iphoneos;
			};
			name = Debug;
		};
		E922FA9217F02353008C7968 /* Release */ = {
			isa = XCBuildConfiguration;
			buildSettings = {
				ALWAYS_SEARCH_USER_PATHS = NO;
				CLANG_CXX_LANGUAGE_STANDARD = "gnu++0x";
				CLANG_CXX_LIBRARY = "libc++";
				CLANG_ENABLE_OBJC_ARC = YES;
				CLANG_WARN_CONSTANT_CONVERSION = YES;
				CLANG_WARN_EMPTY_BODY = YES;
				CLANG_WARN_ENUM_CONVERSION = YES;
				CLANG_WARN_INT_CONVERSION = YES;
				CLANG_WARN__DUPLICATE_METHOD_MATCH = YES;
				"CODE_SIGN_IDENTITY[sdk=iphoneos*]" = "iPhone Developer";
				COPY_PHASE_STRIP = YES;
				GCC_C_LANGUAGE_STANDARD = gnu99;
				GCC_WARN_ABOUT_RETURN_TYPE = YES;
				GCC_WARN_UNINITIALIZED_AUTOS = YES;
				GCC_WARN_UNUSED_VARIABLE = YES;
				IPHONEOS_DEPLOYMENT_TARGET = 6.1;
				OTHER_CFLAGS = "-DNS_BLOCK_ASSERTIONS=1";
				SDKROOT = iphoneos;
				VALIDATE_PRODUCT = YES;
			};
			name = Release;
		};
		E922FA9417F02353008C7968 /* Debug */ = {
			isa = XCBuildConfiguration;
			baseConfigurationReference = FADB12D7AD884D52A2B2A2FF /* Pods.xcconfig */;
			buildSettings = {
				CODE_SIGN_IDENTITY = "iPhone Developer";
				"CODE_SIGN_IDENTITY[sdk=iphoneos*]" = "iPhone Developer";
				FRAMEWORK_SEARCH_PATHS = (
					"$(inherited)",
					"\\\"$(SRCROOT)/DeskSlide/Vender\\\"",
					/work/github/DeskSlide,
				);
				GCC_PRECOMPILE_PREFIX_HEADER = YES;
				GCC_PREFIX_HEADER = "DeskSlide/DeskSlide-Prefix.pch";
				INFOPLIST_FILE = "DeskSlide/DeskSlide-Info.plist";
				LIBRARY_SEARCH_PATHS = (
					"$(inherited)",
					"$(SRCROOT)/DeskSlide/Vender/GoogleAnalytics",
					"$(SRCROOT)/DeskSlide/Vender/GoogleAdMobAdsSdkiOS-6.5.1",
					/work/github/DeskSlide,
					/work/github/DeskSlide/DeskSlide/Vender,
				);
				PRODUCT_NAME = "$(TARGET_NAME)";
				PROVISIONING_PROFILE = "8A454A7B-156D-4D25-BEC3-06738D9418F8";
				WRAPPER_EXTENSION = app;
			};
			name = Debug;
		};
		E922FA9517F02353008C7968 /* Release */ = {
			isa = XCBuildConfiguration;
			baseConfigurationReference = FADB12D7AD884D52A2B2A2FF /* Pods.xcconfig */;
			buildSettings = {
				CODE_SIGN_IDENTITY = "iPhone Distribution: Hiroki Yoshifuji (Z8E8FLY423)";
				"CODE_SIGN_IDENTITY[sdk=iphoneos*]" = "iPhone Distribution: Hiroki Yoshifuji (Z8E8FLY423)";
				FRAMEWORK_SEARCH_PATHS = (
					"$(inherited)",
					"\\\"$(SRCROOT)/DeskSlide/Vender\\\"",
					/work/github/DeskSlide,
				);
				GCC_PRECOMPILE_PREFIX_HEADER = YES;
				GCC_PREFIX_HEADER = "DeskSlide/DeskSlide-Prefix.pch";
				INFOPLIST_FILE = "DeskSlide/DeskSlide-Info.plist";
				LIBRARY_SEARCH_PATHS = (
					"$(inherited)",
					"$(SRCROOT)/DeskSlide/Vender/GoogleAnalytics",
					"$(SRCROOT)/DeskSlide/Vender/GoogleAdMobAdsSdkiOS-6.5.1",
					/work/github/DeskSlide,
					/work/github/DeskSlide/DeskSlide/Vender,
				);
				PRODUCT_NAME = "$(TARGET_NAME)";
				PROVISIONING_PROFILE = "6B875F59-6FCD-4AB6-8CDA-C580552377D7";
				WRAPPER_EXTENSION = app;
			};
			name = Release;
		};
		E9590AFF1807054100594FFB /* Debug */ = {
			isa = XCBuildConfiguration;
			baseConfigurationReference = 3EC8C144E41146E0B0C6ED14 /* Pods-DeskSlide Tests.xcconfig */;
			buildSettings = {
				ARCHS = "$(ARCHS_STANDARD)";
				BUNDLE_LOADER = "$(BUILT_PRODUCTS_DIR)/DeskSlide.app/DeskSlide";
				CLANG_ENABLE_MODULES = YES;
				CLANG_WARN_BOOL_CONVERSION = YES;
				CLANG_WARN_DIRECT_OBJC_ISA_USAGE = YES_ERROR;
				CLANG_WARN_OBJC_ROOT_CLASS = YES_ERROR;
				FRAMEWORK_SEARCH_PATHS = (
					"$(SDKROOT)/Developer/Library/Frameworks",
					"$(inherited)",
					"$(DEVELOPER_FRAMEWORKS_DIR)",
				);
				GCC_PRECOMPILE_PREFIX_HEADER = YES;
				GCC_PREFIX_HEADER = "DeskSlide Tests/DeskSlide Tests-Prefix.pch";
				GCC_PREPROCESSOR_DEFINITIONS = (
					"DEBUG=1",
					"$(inherited)",
				);
				GCC_WARN_64_TO_32_BIT_CONVERSION = YES;
				GCC_WARN_ABOUT_RETURN_TYPE = YES_ERROR;
				GCC_WARN_UNDECLARED_SELECTOR = YES;
				GCC_WARN_UNUSED_FUNCTION = YES;
				INFOPLIST_FILE = "DeskSlide Tests/DeskSlide Tests-Info.plist";
				IPHONEOS_DEPLOYMENT_TARGET = 7.0;
				PRODUCT_NAME = "$(TARGET_NAME)";
				TEST_HOST = "$(BUNDLE_LOADER)";
				WRAPPER_EXTENSION = octest;
			};
			name = Debug;
		};
		E9590B001807054100594FFB /* Release */ = {
			isa = XCBuildConfiguration;
			baseConfigurationReference = 3EC8C144E41146E0B0C6ED14 /* Pods-DeskSlide Tests.xcconfig */;
			buildSettings = {
				ARCHS = "$(ARCHS_STANDARD)";
				BUNDLE_LOADER = "$(BUILT_PRODUCTS_DIR)/DeskSlide.app/DeskSlide";
				CLANG_ENABLE_MODULES = YES;
				CLANG_WARN_BOOL_CONVERSION = YES;
				CLANG_WARN_DIRECT_OBJC_ISA_USAGE = YES_ERROR;
				CLANG_WARN_OBJC_ROOT_CLASS = YES_ERROR;
				ENABLE_NS_ASSERTIONS = NO;
				FRAMEWORK_SEARCH_PATHS = (
					"$(SDKROOT)/Developer/Library/Frameworks",
					"$(inherited)",
					"$(DEVELOPER_FRAMEWORKS_DIR)",
				);
				GCC_PRECOMPILE_PREFIX_HEADER = YES;
				GCC_PREFIX_HEADER = "DeskSlide Tests/DeskSlide Tests-Prefix.pch";
				GCC_WARN_64_TO_32_BIT_CONVERSION = YES;
				GCC_WARN_ABOUT_RETURN_TYPE = YES_ERROR;
				GCC_WARN_UNDECLARED_SELECTOR = YES;
				GCC_WARN_UNUSED_FUNCTION = YES;
				INFOPLIST_FILE = "DeskSlide Tests/DeskSlide Tests-Info.plist";
				IPHONEOS_DEPLOYMENT_TARGET = 7.0;
				PRODUCT_NAME = "$(TARGET_NAME)";
				TEST_HOST = "$(BUNDLE_LOADER)";
				WRAPPER_EXTENSION = octest;
			};
			name = Release;
		};
/* End XCBuildConfiguration section */

/* Begin XCConfigurationList section */
		E922FA6B17F02353008C7968 /* Build configuration list for PBXProject "DeskSlide" */ = {
			isa = XCConfigurationList;
			buildConfigurations = (
				E922FA9117F02353008C7968 /* Debug */,
				E922FA9217F02353008C7968 /* Release */,
			);
			defaultConfigurationIsVisible = 0;
			defaultConfigurationName = Release;
		};
		E922FA9317F02353008C7968 /* Build configuration list for PBXNativeTarget "DeskSlide" */ = {
			isa = XCConfigurationList;
			buildConfigurations = (
				E922FA9417F02353008C7968 /* Debug */,
				E922FA9517F02353008C7968 /* Release */,
			);
			defaultConfigurationIsVisible = 0;
			defaultConfigurationName = Release;
		};
		E9590B011807054100594FFB /* Build configuration list for PBXNativeTarget "DeskSlide Tests" */ = {
			isa = XCConfigurationList;
			buildConfigurations = (
				E9590AFF1807054100594FFB /* Debug */,
				E9590B001807054100594FFB /* Release */,
			);
			defaultConfigurationIsVisible = 0;
			defaultConfigurationName = Release;
		};
/* End XCConfigurationList section */
	};
	rootObject = E922FA6817F02353008C7968 /* Project object */;
}
